
Microsoft Visual Studio Solution File, Format Version 12.00
# Visual Studio Version 17
VisualStudioVersion = 17.13.35913.81 d17.13
MinimumVisualStudioVersion = 10.0.40219.1
Project("{FAE04EC0-301F-11D3-BF4B-00C04F79EFBC}") = "01PracticeCSharp", "01PracticeCSharp\01PracticeCSharp.csproj", "{95C9E454-9529-493B-87C5-39EE8F345C5A}"
EndProject
Global
	GlobalSection(SolutionConfigurationPlatforms) = preSolution
		Debug|Any CPU = Debug|Any CPU
		Release|Any CPU = Release|Any CPU
	EndGlobalSection
	GlobalSection(ProjectConfigurationPlatforms) = postSolution
		{95C9E454-9529-493B-87C5-39EE8F345C5A}.Debug|Any CPU.ActiveCfg = Debug|Any CPU
		{95C9E454-9529-493B-87C5-39EE8F345C5A}.Debug|Any CPU.Build.0 = Debug|Any CPU
		{95C9E454-9529-493B-87C5-39EE8F345C5A}.Release|Any CPU.ActiveCfg = Release|Any CPU
		{95C9E454-9529-493B-87C5-39EE8F345C5A}.Release|Any CPU.Build.0 = Release|Any CPU
	EndGlobalSection
	GlobalSection(SolutionProperties) = preSolution
		HideSolutionNode = FALSE
	EndGlobalSection
	GlobalSection(ExtensibilityGlobals) = postSolution
		SolutionGuid = {F5558BA3-6752-43C7-AB57-5DB4C5938334}
	EndGlobalSection
EndGlobal
